// !$*UTF8*$!
{
	archiveVersion = 1;
	classes = {
	};
	objectVersion = 50;
	objects = {

/* Begin PBXBuildFile section */
		C036465821A5B0A500950205 /* AppDelegate.swift in Sources */ = {isa = PBXBuildFile; fileRef = C036465721A5B0A500950205 /* AppDelegate.swift */; };
		C036465A21A5B0A500950205 /* ViewController.swift in Sources */ = {isa = PBXBuildFile; fileRef = C036465921A5B0A500950205 /* ViewController.swift */; };
		C036465D21A5B0A500950205 /* Main.storyboard in Resources */ = {isa = PBXBuildFile; fileRef = C036465B21A5B0A500950205 /* Main.storyboard */; };
		C036465F21A5B0A600950205 /* Assets.xcassets in Resources */ = {isa = PBXBuildFile; fileRef = C036465E21A5B0A600950205 /* Assets.xcassets */; };
		C036466221A5B0A600950205 /* LaunchScreen.storyboard in Resources */ = {isa = PBXBuildFile; fileRef = C036466021A5B0A600950205 /* LaunchScreen.storyboard */; };
		C036466D21A5B0A700950205 /* GaugeSliderTests.swift in Sources */ = {isa = PBXBuildFile; fileRef = C036466C21A5B0A700950205 /* GaugeSliderTests.swift */; };
		C036467821A5B0A700950205 /* GaugeSliderUITests.swift in Sources */ = {isa = PBXBuildFile; fileRef = C036467721A5B0A700950205 /* GaugeSliderUITests.swift */; };
/* End PBXBuildFile section */

/* Begin PBXContainerItemProxy section */
		C036466921A5B0A700950205 /* PBXContainerItemProxy */ = {
			isa = PBXContainerItemProxy;
			containerPortal = C036464C21A5B0A500950205 /* Project object */;
			proxyType = 1;
			remoteGlobalIDString = C036465321A5B0A500950205;
			remoteInfo = GaugeSlider;
		};
		C036467421A5B0A700950205 /* PBXContainerItemProxy */ = {
			isa = PBXContainerItemProxy;
			containerPortal = C036464C21A5B0A500950205 /* Project object */;
			proxyType = 1;
			remoteGlobalIDString = C036465321A5B0A500950205;
			remoteInfo = GaugeSlider;
		};
/* End PBXContainerItemProxy section */

/* Begin PBXFileReference section */
		C036465421A5B0A500950205 /* GaugeSlider.app */ = {isa = PBXFileReference; explicitFileType = wrapper.application; includeInIndex = 0; path = GaugeSlider.app; sourceTree = BUILT_PRODUCTS_DIR; };
		C036465721A5B0A500950205 /* AppDelegate.swift */ = {isa = PBXFileReference; lastKnownFileType = sourcecode.swift; path = AppDelegate.swift; sourceTree = "<group>"; };
		C036465921A5B0A500950205 /* ViewController.swift */ = {isa = PBXFileReference; lastKnownFileType = sourcecode.swift; path = ViewController.swift; sourceTree = "<group>"; };
		C036465C21A5B0A500950205 /* Base */ = {isa = PBXFileReference; lastKnownFileType = file.storyboard; name = Base; path = Base.lproj/Main.storyboard; sourceTree = "<group>"; };
		C036465E21A5B0A600950205 /* Assets.xcassets */ = {isa = PBXFileReference; lastKnownFileType = folder.assetcatalog; path = Assets.xcassets; sourceTree = "<group>"; };
		C036466121A5B0A600950205 /* Base */ = {isa = PBXFileReference; lastKnownFileType = file.storyboard; name = Base; path = Base.lproj/LaunchScreen.storyboard; sourceTree = "<group>"; };
		C036466321A5B0A600950205 /* Info.plist */ = {isa = PBXFileReference; lastKnownFileType = text.plist.xml; path = Info.plist; sourceTree = "<group>"; };
		C036466821A5B0A700950205 /* GaugeSliderTests.xctest */ = {isa = PBXFileReference; explicitFileType = wrapper.cfbundle; includeInIndex = 0; path = GaugeSliderTests.xctest; sourceTree = BUILT_PRODUCTS_DIR; };
		C036466C21A5B0A700950205 /* GaugeSliderTests.swift */ = {isa = PBXFileReference; lastKnownFileType = sourcecode.swift; path = GaugeSliderTests.swift; sourceTree = "<group>"; };
		C036466E21A5B0A700950205 /* Info.plist */ = {isa = PBXFileReference; lastKnownFileType = text.plist.xml; path = Info.plist; sourceTree = "<group>"; };
		C036467321A5B0A700950205 /* GaugeSliderUITests.xctest */ = {isa = PBXFileReference; explicitFileType = wrapper.cfbundle; includeInIndex = 0; path = GaugeSliderUITests.xctest; sourceTree = BUILT_PRODUCTS_DIR; };
		C036467721A5B0A700950205 /* GaugeSliderUITests.swift */ = {isa = PBXFileReference; lastKnownFileType = sourcecode.swift; path = GaugeSliderUITests.swift; sourceTree = "<group>"; };
		C036467921A5B0A700950205 /* Info.plist */ = {isa = PBXFileReference; lastKnownFileType = text.plist.xml; path = Info.plist; sourceTree = "<group>"; };
/* End PBXFileReference section */

/* Begin PBXFrameworksBuildPhase section */
		C036465121A5B0A500950205 /* Frameworks */ = {
			isa = PBXFrameworksBuildPhase;
			buildActionMask = 2147483647;
			files = (
			);
			runOnlyForDeploymentPostprocessing = 0;
		};
		C036466521A5B0A700950205 /* Frameworks */ = {
			isa = PBXFrameworksBuildPhase;
			buildActionMask = 2147483647;
			files = (
			);
			runOnlyForDeploymentPostprocessing = 0;
		};
		C036467021A5B0A700950205 /* Frameworks */ = {
			isa = PBXFrameworksBuildPhase;
			buildActionMask = 2147483647;
			files = (
			);
			runOnlyForDeploymentPostprocessing = 0;
		};
/* End PBXFrameworksBuildPhase section */

/* Begin PBXGroup section */
		C036464B21A5B0A500950205 = {
			isa = PBXGroup;
			children = (
				C036465621A5B0A500950205 /* GaugeSlider */,
				C036466B21A5B0A700950205 /* GaugeSliderTests */,
				C036467621A5B0A700950205 /* GaugeSliderUITests */,
				C036465521A5B0A500950205 /* Products */,
			);
			sourceTree = "<group>";
		};
		C036465521A5B0A500950205 /* Products */ = {
			isa = PBXGroup;
			children = (
				C036465421A5B0A500950205 /* GaugeSlider.app */,
				C036466821A5B0A700950205 /* GaugeSliderTests.xctest */,
				C036467321A5B0A700950205 /* GaugeSliderUITests.xctest */,
			);
			name = Products;
			sourceTree = "<group>";
		};
		C036465621A5B0A500950205 /* GaugeSlider */ = {
			isa = PBXGroup;
			children = (
				C036465721A5B0A500950205 /* AppDelegate.swift */,
				C036465921A5B0A500950205 /* ViewController.swift */,
				C036465B21A5B0A500950205 /* Main.storyboard */,
				C036465E21A5B0A600950205 /* Assets.xcassets */,
				C036466021A5B0A600950205 /* LaunchScreen.storyboard */,
				C036466321A5B0A600950205 /* Info.plist */,
			);
			path = GaugeSlider;
			sourceTree = "<group>";
		};
		C036466B21A5B0A700950205 /* GaugeSliderTests */ = {
			isa = PBXGroup;
			children = (
				C036466C21A5B0A700950205 /* GaugeSliderTests.swift */,
				C036466E21A5B0A700950205 /* Info.plist */,
			);
			path = GaugeSliderTests;
			sourceTree = "<group>";
		};
		C036467621A5B0A700950205 /* GaugeSliderUITests */ = {
			isa = PBXGroup;
			children = (
				C036467721A5B0A700950205 /* GaugeSliderUITests.swift */,
				C036467921A5B0A700950205 /* Info.plist */,
			);
			path = GaugeSliderUITests;
			sourceTree = "<group>";
		};
/* End PBXGroup section */

/* Begin PBXNativeTarget section */
		C036465321A5B0A500950205 /* GaugeSlider */ = {
			isa = PBXNativeTarget;
			buildConfigurationList = C036467C21A5B0A700950205 /* Build configuration list for PBXNativeTarget "GaugeSlider" */;
			buildPhases = (
				C036465021A5B0A500950205 /* Sources */,
				C036465121A5B0A500950205 /* Frameworks */,
				C036465221A5B0A500950205 /* Resources */,
			);
			buildRules = (
			);
			dependencies = (
			);
			name = GaugeSlider;
			productName = GaugeSlider;
			productReference = C036465421A5B0A500950205 /* GaugeSlider.app */;
			productType = "com.apple.product-type.application";
		};
		C036466721A5B0A700950205 /* GaugeSliderTests */ = {
			isa = PBXNativeTarget;
			buildConfigurationList = C036467F21A5B0A700950205 /* Build configuration list for PBXNativeTarget "GaugeSliderTests" */;
			buildPhases = (
				C036466421A5B0A700950205 /* Sources */,
				C036466521A5B0A700950205 /* Frameworks */,
				C036466621A5B0A700950205 /* Resources */,
			);
			buildRules = (
			);
			dependencies = (
				C036466A21A5B0A700950205 /* PBXTargetDependency */,
			);
			name = GaugeSliderTests;
			productName = GaugeSliderTests;
			productReference = C036466821A5B0A700950205 /* GaugeSliderTests.xctest */;
			productType = "com.apple.product-type.bundle.unit-test";
		};
		C036467221A5B0A700950205 /* GaugeSliderUITests */ = {
			isa = PBXNativeTarget;
			buildConfigurationList = C036468221A5B0A700950205 /* Build configuration list for PBXNativeTarget "GaugeSliderUITests" */;
			buildPhases = (
				C036466F21A5B0A700950205 /* Sources */,
				C036467021A5B0A700950205 /* Frameworks */,
				C036467121A5B0A700950205 /* Resources */,
			);
			buildRules = (
			);
			dependencies = (
				C036467521A5B0A700950205 /* PBXTargetDependency */,
			);
			name = GaugeSliderUITests;
			productName = GaugeSliderUITests;
			productReference = C036467321A5B0A700950205 /* GaugeSliderUITests.xctest */;
			productType = "com.apple.product-type.bundle.ui-testing";
		};
/* End PBXNativeTarget section */

/* Begin PBXProject section */
		C036464C21A5B0A500950205 /* Project object */ = {
			isa = PBXProject;
			attributes = {
				LastSwiftUpdateCheck = 1000;
				LastUpgradeCheck = 1000;
				ORGANIZATIONNAME = "Phil Townsend";
				TargetAttributes = {
					C036465321A5B0A500950205 = {
						CreatedOnToolsVersion = 10.0;
					};
					C036466721A5B0A700950205 = {
						CreatedOnToolsVersion = 10.0;
						TestTargetID = C036465321A5B0A500950205;
					};
					C036467221A5B0A700950205 = {
						CreatedOnToolsVersion = 10.0;
						TestTargetID = C036465321A5B0A500950205;
					};
				};
			};
			buildConfigurationList = C036464F21A5B0A500950205 /* Build configuration list for PBXProject "GaugeSlider" */;
			compatibilityVersion = "Xcode 9.3";
			developmentRegion = en;
			hasScannedForEncodings = 0;
			knownRegions = (
				en,
				Base,
			);
			mainGroup = C036464B21A5B0A500950205;
			productRefGroup = C036465521A5B0A500950205 /* Products */;
			projectDirPath = "";
			projectRoot = "";
			targets = (
				C036465321A5B0A500950205 /* GaugeSlider */,
				C036466721A5B0A700950205 /* GaugeSliderTests */,
				C036467221A5B0A700950205 /* GaugeSliderUITests */,
			);
		};
/* End PBXProject section */

/* Begin PBXResourcesBuildPhase section */
		C036465221A5B0A500950205 /* Resources */ = {
			isa = PBXResourcesBuildPhase;
			buildActionMask = 2147483647;
			files = (
				C036466221A5B0A600950205 /* LaunchScreen.storyboard in Resources */,
				C036465F21A5B0A600950205 /* Assets.xcassets in Resources */,
				C036465D21A5B0A500950205 /* Main.storyboard in Resources */,
			);
			runOnlyForDeploymentPostprocessing = 0;
		};
		C036466621A5B0A700950205 /* Resources */ = {
			isa = PBXResourcesBuildPhase;
			buildActionMask = 2147483647;
			files = (
			);
			runOnlyForDeploymentPostprocessing = 0;
		};
		C036467121A5B0A700950205 /* Resources */ = {
			isa = PBXResourcesBuildPhase;
			buildActionMask = 2147483647;
			files = (
			);
			runOnlyForDeploymentPostprocessing = 0;
		};
/* End PBXResourcesBuildPhase section */

/* Begin PBXSourcesBuildPhase section */
		C036465021A5B0A500950205 /* Sources */ = {
			isa = PBXSourcesBuildPhase;
			buildActionMask = 2147483647;
			files = (
				C036465A21A5B0A500950205 /* ViewController.swift in Sources */,
				C036465821A5B0A500950205 /* AppDelegate.swift in Sources */,
			);
			runOnlyForDeploymentPostprocessing = 0;
		};
		C036466421A5B0A700950205 /* Sources */ = {
			isa = PBXSourcesBuildPhase;
			buildActionMask = 2147483647;
			files = (
				C036466D21A5B0A700950205 /* GaugeSliderTests.swift in Sources */,
			);
			runOnlyForDeploymentPostprocessing = 0;
		};
		C036466F21A5B0A700950205 /* Sources */ = {
			isa = PBXSourcesBuildPhase;
			buildActionMask = 2147483647;
			files = (
				C036467821A5B0A700950205 /* GaugeSliderUITests.swift in Sources */,
			);
			runOnlyForDeploymentPostprocessing = 0;
		};
/* End PBXSourcesBuildPhase section */

/* Begin PBXTargetDependency section */
		C036466A21A5B0A700950205 /* PBXTargetDependency */ = {
			isa = PBXTargetDependency;
			target = C036465321A5B0A500950205 /* GaugeSlider */;
			targetProxy = C036466921A5B0A700950205 /* PBXContainerItemProxy */;
		};
		C036467521A5B0A700950205 /* PBXTargetDependency */ = {
			isa = PBXTargetDependency;
			target = C036465321A5B0A500950205 /* GaugeSlider */;
			targetProxy = C036467421A5B0A700950205 /* PBXContainerItemProxy */;
		};
/* End PBXTargetDependency section */

/* Begin PBXVariantGroup section */
		C036465B21A5B0A500950205 /* Main.storyboard */ = {
			isa = PBXVariantGroup;
			children = (
				C036465C21A5B0A500950205 /* Base */,
			);
			name = Main.storyboard;
			sourceTree = "<group>";
		};
		C036466021A5B0A600950205 /* LaunchScreen.storyboard */ = {
			isa = PBXVariantGroup;
			children = (
				C036466121A5B0A600950205 /* Base */,
			);
			name = LaunchScreen.storyboard;
			sourceTree = "<group>";
		};
/* End PBXVariantGroup section */

/* Begin XCBuildConfiguration section */
		C036467A21A5B0A700950205 /* Debug */ = {
			isa = XCBuildConfiguration;
			buildSettings = {
				ALWAYS_SEARCH_USER_PATHS = NO;
				CLANG_ANALYZER_NONNULL = YES;
				CLANG_ANALYZER_NUMBER_OBJECT_CONVERSION = YES_AGGRESSIVE;
				CLANG_CXX_LANGUAGE_STANDARD = "gnu++14";
				CLANG_CXX_LIBRARY = "libc++";
				CLANG_ENABLE_MODULES = YES;
				CLANG_ENABLE_OBJC_ARC = YES;
				CLANG_ENABLE_OBJC_WEAK = YES;
				CLANG_WARN_BLOCK_CAPTURE_AUTORELEASING = YES;
				CLANG_WARN_BOOL_CONVERSION = YES;
				CLANG_WARN_COMMA = YES;
				CLANG_WARN_CONSTANT_CONVERSION = YES;
				CLANG_WARN_DEPRECATED_OBJC_IMPLEMENTATIONS = YES;
				CLANG_WARN_DIRECT_OBJC_ISA_USAGE = YES_ERROR;
				CLANG_WARN_DOCUMENTATION_COMMENTS = YES;
				CLANG_WARN_EMPTY_BODY = YES;
				CLANG_WARN_ENUM_CONVERSION = YES;
				CLANG_WARN_INFINITE_RECURSION = YES;
				CLANG_WARN_INT_CONVERSION = YES;
				CLANG_WARN_NON_LITERAL_NULL_CONVERSION = YES;
				CLANG_WARN_OBJC_IMPLICIT_RETAIN_SELF = YES;
				CLANG_WARN_OBJC_LITERAL_CONVERSION = YES;
				CLANG_WARN_OBJC_ROOT_CLASS = YES_ERROR;
				CLANG_WARN_RANGE_LOOP_ANALYSIS = YES;
				CLANG_WARN_STRICT_PROTOTYPES = YES;
				CLANG_WARN_SUSPICIOUS_MOVE = YES;
				CLANG_WARN_UNGUARDED_AVAILABILITY = YES_AGGRESSIVE;
				CLANG_WARN_UNREACHABLE_CODE = YES;
				CLANG_WARN__DUPLICATE_METHOD_MATCH = YES;
				CODE_SIGN_IDENTITY = "iPhone Developer";
				COPY_PHASE_STRIP = NO;
				DEBUG_INFORMATION_FORMAT = dwarf;
				ENABLE_STRICT_OBJC_MSGSEND = YES;
				ENABLE_TESTABILITY = YES;
				GCC_C_LANGUAGE_STANDARD = gnu11;
				GCC_DYNAMIC_NO_PIC = NO;
				GCC_NO_COMMON_BLOCKS = YES;
				GCC_OPTIMIZATION_LEVEL = 0;
				GCC_PREPROCESSOR_DEFINITIONS = (
					"DEBUG=1",
					"$(inherited)",
				);
				GCC_WARN_64_TO_32_BIT_CONVERSION = YES;
				GCC_WARN_ABOUT_RETURN_TYPE = YES_ERROR;
				GCC_WARN_UNDECLARED_SELECTOR = YES;
				GCC_WARN_UNINITIALIZED_AUTOS = YES_AGGRESSIVE;
				GCC_WARN_UNUSED_FUNCTION = YES;
				GCC_WARN_UNUSED_VARIABLE = YES;
				IPHONEOS_DEPLOYMENT_TARGET = 12.0;
				MTL_ENABLE_DEBUG_INFO = INCLUDE_SOURCE;
				MTL_FAST_MATH = YES;
				ONLY_ACTIVE_ARCH = YES;
				SDKROOT = iphoneos;
				SWIFT_ACTIVE_COMPILATION_CONDITIONS = DEBUG;
				SWIFT_OPTIMIZATION_LEVEL = "-Onone";
			};
			name = Debug;
		};
		C036467B21A5B0A700950205 /* Release */ = {
			isa = XCBuildConfiguration;
			buildSettings = {
				ALWAYS_SEARCH_USER_PATHS = NO;
				CLANG_ANALYZER_NONNULL = YES;
				CLANG_ANALYZER_NUMBER_OBJECT_CONVERSION = YES_AGGRESSIVE;
				CLANG_CXX_LANGUAGE_STANDARD = "gnu++14";
				CLANG_CXX_LIBRARY = "libc++";
				CLANG_ENABLE_MODULES = YES;
				CLANG_ENABLE_OBJC_ARC = YES;
				CLANG_ENABLE_OBJC_WEAK = YES;
				CLANG_WARN_BLOCK_CAPTURE_AUTORELEASING = YES;
				CLANG_WARN_BOOL_CONVERSION = YES;
				CLANG_WARN_COMMA = YES;
				CLANG_WARN_CONSTANT_CONVERSION = YES;
				CLANG_WARN_DEPRECATED_OBJC_IMPLEMENTATIONS = YES;
				CLANG_WARN_DIRECT_OBJC_ISA_USAGE = YES_ERROR;
				CLANG_WARN_DOCUMENTATION_COMMENTS = YES;
				CLANG_WARN_EMPTY_BODY = YES;
				CLANG_WARN_ENUM_CONVERSION = YES;
				CLANG_WARN_INFINITE_RECURSION = YES;
				CLANG_WARN_INT_CONVERSION = YES;
				CLANG_WARN_NON_LITERAL_NULL_CONVERSION = YES;
				CLANG_WARN_OBJC_IMPLICIT_RETAIN_SELF = YES;
				CLANG_WARN_OBJC_LITERAL_CONVERSION = YES;
				CLANG_WARN_OBJC_ROOT_CLASS = YES_ERROR;
				CLANG_WARN_RANGE_LOOP_ANALYSIS = YES;
				CLANG_WARN_STRICT_PROTOTYPES = YES;
				CLANG_WARN_SUSPICIOUS_MOVE = YES;
				CLANG_WARN_UNGUARDED_AVAILABILITY = YES_AGGRESSIVE;
				CLANG_WARN_UNREACHABLE_CODE = YES;
				CLANG_WARN__DUPLICATE_METHOD_MATCH = YES;
				CODE_SIGN_IDENTITY = "iPhone Developer";
				COPY_PHASE_STRIP = NO;
				DEBUG_INFORMATION_FORMAT = "dwarf-with-dsym";
				ENABLE_NS_ASSERTIONS = NO;
				ENABLE_STRICT_OBJC_MSGSEND = YES;
				GCC_C_LANGUAGE_STANDARD = gnu11;
				GCC_NO_COMMON_BLOCKS = YES;
				GCC_WARN_64_TO_32_BIT_CONVERSION = YES;
				GCC_WARN_ABOUT_RETURN_TYPE = YES_ERROR;
				GCC_WARN_UNDECLARED_SELECTOR = YES;
				GCC_WARN_UNINITIALIZED_AUTOS = YES_AGGRESSIVE;
				GCC_WARN_UNUSED_FUNCTION = YES;
				GCC_WARN_UNUSED_VARIABLE = YES;
				IPHONEOS_DEPLOYMENT_TARGET = 12.0;
				MTL_ENABLE_DEBUG_INFO = NO;
				MTL_FAST_MATH = YES;
				SDKROOT = iphoneos;
				SWIFT_COMPILATION_MODE = wholemodule;
				SWIFT_OPTIMIZATION_LEVEL = "-O";
				VALIDATE_PRODUCT = YES;
			};
			name = Release;
		};
		C036467D21A5B0A700950205 /* Debug */ = {
			isa = XCBuildConfiguration;
			buildSettings = {
				ASSETCATALOG_COMPILER_APPICON_NAME = AppIcon;
				CODE_SIGN_STYLE = Automatic;
				INFOPLIST_FILE = GaugeSlider/Info.plist;
				LD_RUNPATH_SEARCH_PATHS = (
					"$(inherited)",
					"@executable_path/Frameworks",
				);
				PRODUCT_BUNDLE_IDENTIFIER = com.elliptio.controls.GaugeSlider;
				PRODUCT_NAME = "$(TARGET_NAME)";
				SWIFT_VERSION = 4.2;
				TARGETED_DEVICE_FAMILY = "1,2";
			};
			name = Debug;
		};
		C036467E21A5B0A700950205 /* Release */ = {
			isa = XCBuildConfiguration;
			buildSettings = {
				ASSETCATALOG_COMPILER_APPICON_NAME = AppIcon;
				CODE_SIGN_STYLE = Automatic;
				INFOPLIST_FILE = GaugeSlider/Info.plist;
				LD_RUNPATH_SEARCH_PATHS = (
					"$(inherited)",
					"@executable_path/Frameworks",
				);
				PRODUCT_BUNDLE_IDENTIFIER = com.elliptio.controls.GaugeSlider;
				PRODUCT_NAME = "$(TARGET_NAME)";
				SWIFT_VERSION = 4.2;
				TARGETED_DEVICE_FAMILY = "1,2";
			};
			name = Release;
		};
		C036468021A5B0A700950205 /* Debug */ = {
			isa = XCBuildConfiguration;
			buildSettings = {
				ALWAYS_EMBED_SWIFT_STANDARD_LIBRARIES = YES;
				BUNDLE_LOADER = "$(TEST_HOST)";
				CODE_SIGN_STYLE = Automatic;
				INFOPLIST_FILE = GaugeSliderTests/Info.plist;
				LD_RUNPATH_SEARCH_PATHS = (
					"$(inherited)",
					"@executable_path/Frameworks",
					"@loader_path/Frameworks",
				);
				PRODUCT_BUNDLE_IDENTIFIER = com.elliptio.controls.GaugeSliderTests;
				PRODUCT_NAME = "$(TARGET_NAME)";
				SWIFT_VERSION = 4.2;
				TARGETED_DEVICE_FAMILY = "1,2";
				TEST_HOST = "$(BUILT_PRODUCTS_DIR)/GaugeSlider.app/GaugeSlider";
			};
			name = Debug;
		};
		C036468121A5B0A700950205 /* Release */ = {
			isa = XCBuildConfiguration;
			buildSettings = {
				ALWAYS_EMBED_SWIFT_STANDARD_LIBRARIES = YES;
				BUNDLE_LOADER = "$(TEST_HOST)";
				CODE_SIGN_STYLE = Automatic;
				INFOPLIST_FILE = GaugeSliderTests/Info.plist;
				LD_RUNPATH_SEARCH_PATHS = (
					"$(inherited)",
					"@executable_path/Frameworks",
					"@loader_path/Frameworks",
				);
				PRODUCT_BUNDLE_IDENTIFIER = com.elliptio.controls.GaugeSliderTests;
				PRODUCT_NAME = "$(TARGET_NAME)";
				SWIFT_VERSION = 4.2;
				TARGETED_DEVICE_FAMILY = "1,2";
				TEST_HOST = "$(BUILT_PRODUCTS_DIR)/GaugeSlider.app/GaugeSlider";
			};
			name = Release;
		};
		C036468321A5B0A700950205 /* Debug */ = {
			isa = XCBuildConfiguration;
			buildSettings = {
				ALWAYS_EMBED_SWIFT_STANDARD_LIBRARIES = YES;
				CODE_SIGN_STYLE = Automatic;
				INFOPLIST_FILE = GaugeSliderUITests/Info.plist;
				LD_RUNPATH_SEARCH_PATHS = (
					"$(inherited)",
					"@executable_path/Frameworks",
					"@loader_path/Frameworks",
				);
				PRODUCT_BUNDLE_IDENTIFIER = com.elliptio.controls.GaugeSliderUITests;
				PRODUCT_NAME = "$(TARGET_NAME)";
				SWIFT_VERSION = 4.2;
				TARGETED_DEVICE_FAMILY = "1,2";
				TEST_TARGET_NAME = GaugeSlider;
			};
			name = Debug;
		};
		C036468421A5B0A700950205 /* Release */ = {
			isa = XCBuildConfiguration;
			buildSettings = {
				ALWAYS_EMBED_SWIFT_STANDARD_LIBRARIES = YES;
				CODE_SIGN_STYLE = Automatic;
				INFOPLIST_FILE = GaugeSliderUITests/Info.plist;
				LD_RUNPATH_SEARCH_PATHS = (
					"$(inherited)",
					"@executable_path/Frameworks",
					"@loader_path/Frameworks",
				);
				PRODUCT_BUNDLE_IDENTIFIER = com.elliptio.controls.GaugeSliderUITests;
				PRODUCT_NAME = "$(TARGET_NAME)";
				SWIFT_VERSION = 4.2;
				TARGETED_DEVICE_FAMILY = "1,2";
				TEST_TARGET_NAME = GaugeSlider;
			};
			name = Release;
		};
/* End XCBuildConfiguration section */

/* Begin XCConfigurationList section */
		C036464F21A5B0A500950205 /* Build configuration list for PBXProject "GaugeSlider" */ = {
			isa = XCConfigurationList;
			buildConfigurations = (
				C036467A21A5B0A700950205 /* Debug */,
				C036467B21A5B0A700950205 /* Release */,
			);
			defaultConfigurationIsVisible = 0;
			defaultConfigurationName = Release;
		};
		C036467C21A5B0A700950205 /* Build configuration list for PBXNativeTarget "GaugeSlider" */ = {
			isa = XCConfigurationList;
			buildConfigurations = (
				C036467D21A5B0A700950205 /* Debug */,
				C036467E21A5B0A700950205 /* Release */,
			);
			defaultConfigurationIsVisible = 0;
			defaultConfigurationName = Release;
		};
		C036467F21A5B0A700950205 /* Build configuration list for PBXNativeTarget "GaugeSliderTests" */ = {
			isa = XCConfigurationList;
			buildConfigurations = (
				C036468021A5B0A700950205 /* Debug */,
				C036468121A5B0A700950205 /* Release */,
			);
			defaultConfigurationIsVisible = 0;
			defaultConfigurationName = Release;
		};
		C036468221A5B0A700950205 /* Build configuration list for PBXNativeTarget "GaugeSliderUITests" */ = {
			isa = XCConfigurationList;
			buildConfigurations = (
				C036468321A5B0A700950205 /* Debug */,
				C036468421A5B0A700950205 /* Release */,
			);
			defaultConfigurationIsVisible = 0;
			defaultConfigurationName = Release;
		};
/* End XCConfigurationList section */
	};
	rootObject = C036464C21A5B0A500950205 /* Project object */;
}
